
Microsoft Visual Studio Solution File, Format Version 12.00
# Visual Studio Version 16
VisualStudioVersion = 16.0.31005.135
MinimumVisualStudioVersion = 10.0.40219.1
Project("{FAE04EC0-301F-11D3-BF4B-00C04F79EFBC}") = "CSharp", "CSharp.csproj", "{335D4795-EC09-4818-85E0-9C3F2DBE2FBF}"
EndProject
Global
	GlobalSection(SolutionConfigurationPlatforms) = preSolution
		Debug|Any CPU = Debug|Any CPU
		Release|Any CPU = Release|Any CPU
	EndGlobalSection
	GlobalSection(ProjectConfigurationPlatforms) = postSolution
		{335D4795-EC09-4818-85E0-9C3F2DBE2FBF}.Debug|Any CPU.ActiveCfg = Debug|Any CPU
		{335D4795-EC09-4818-85E0-9C3F2DBE2FBF}.Debug|Any CPU.Build.0 = Debug|Any CPU
		{335D4795-EC09-4818-85E0-9C3F2DBE2FBF}.Release|Any CPU.ActiveCfg = Release|Any CPU
		{335D4795-EC09-4818-85E0-9C3F2DBE2FBF}.Release|Any CPU.Build.0 = Release|Any CPU
	EndGlobalSection
	GlobalSection(SolutionProperties) = preSolution
		HideSolutionNode = FALSE
	EndGlobalSection
	GlobalSection(ExtensibilityGlobals) = postSolution
		SolutionGuid = {26200314-16F4-43CF-9EC9-47B03DAD2C15}
	EndGlobalSection
EndGlobal
